// !$*UTF8*$!
{
	archiveVersion = 1;
	classes = {
	};
	objectVersion = 77;
	objects = {

/* Begin PBXBuildFile section */
		DA165EC22F62F7B200EA249A /* MockCameraRepository.swift in Sources */ = {isa = PBXBuildFile; fileRef = DA165EC12F62F7B200EA249A /* MockCameraRepository.swift */; };
		DA1EA9C62F60730C007CC456 /* JetBrainsMono-ExtraBoldItalic.ttf in Resources */ = {isa = PBXBuildFile; fileRef = DA1EA9B72F60730C007CC456 /* JetBrainsMono-ExtraBoldItalic.ttf */; };
		DA1EA9C72F60730C007CC456 /* JetBrainsMono-BoldItalic.ttf in Resources */ = {isa = PBXBuildFile; fileRef = DA1EA9B52F60730C007CC456 /* JetBrainsMono-BoldItalic.ttf */; };
		DA1EA9C82F60730C007CC456 /* JetBrainsMono-ExtraBold.ttf in Resources */ = {isa = PBXBuildFile; fileRef = DA1EA9B62F60730C007CC456 /* JetBrainsMono-ExtraBold.ttf */; };
		DA1EA9C92F60730C007CC456 /* JetBrainsMono-Italic.ttf in Resources */ = {isa = PBXBuildFile; fileRef = DA1EA9BA2F60730C007CC456 /* JetBrainsMono-Italic.ttf */; };
		DA1EA9CA2F60730C007CC456 /* JetBrainsMono-ExtraLightItalic.ttf in Resources */ = {isa = PBXBuildFile; fileRef = DA1EA9B92F60730C007CC456 /* JetBrainsMono-ExtraLightItalic.ttf */; };
		DA1EA9CB2F60730C007CC456 /* JetBrainsMono-SemiBold.ttf in Resources */ = {isa = PBXBuildFile; fileRef = DA1EA9C12F60730C007CC456 /* JetBrainsMono-SemiBold.ttf */; };
		DA1EA9CC2F60730C007CC456 /* JetBrainsMono-SemiBoldItalic.ttf in Resources */ = {isa = PBXBuildFile; fileRef = DA1EA9C22F60730C007CC456 /* JetBrainsMono-SemiBoldItalic.ttf */; };
		DA1EA9CD2F60730C007CC456 /* JetBrainsMono-Light.ttf in Resources */ = {isa = PBXBuildFile; fileRef = DA1EA9BC2F60730C007CC456 /* JetBrainsMono-Light.ttf */; };
		DA1EA9CE2F60730C007CC456 /* JetBrainsMono-Medium.ttf in Resources */ = {isa = PBXBuildFile; fileRef = DA1EA9BE2F60730C007CC456 /* JetBrainsMono-Medium.ttf */; };
		DA1EA9CF2F60730C007CC456 /* JetBrainsMono-Thin.ttf in Resources */ = {isa = PBXBuildFile; fileRef = DA1EA9C32F60730C007CC456 /* JetBrainsMono-Thin.ttf */; };
		DA1EA9D02F60730C007CC456 /* JetBrainsMono-LightItalic.ttf in Resources */ = {isa = PBXBuildFile; fileRef = DA1EA9BD2F60730C007CC456 /* JetBrainsMono-LightItalic.ttf */; };
		DA1EA9D12F60730C007CC456 /* JetBrainsMono-ThinItalic.ttf in Resources */ = {isa = PBXBuildFile; fileRef = DA1EA9C42F60730C007CC456 /* JetBrainsMono-ThinItalic.ttf */; };
		DA1EA9D22F60730C007CC456 /* JetBrainsMono-MediumItalic.ttf in Resources */ = {isa = PBXBuildFile; fileRef = DA1EA9BF2F60730C007CC456 /* JetBrainsMono-MediumItalic.ttf */; };
		DA1EA9D32F60730C007CC456 /* JetBrainsMono-Regular.ttf in Resources */ = {isa = PBXBuildFile; fileRef = DA1EA9C02F60730C007CC456 /* JetBrainsMono-Regular.ttf */; };
		DA1EA9D42F60730C007CC456 /* JetBrainsMono-Bold.ttf in Resources */ = {isa = PBXBuildFile; fileRef = DA1EA9B42F60730C007CC456 /* JetBrainsMono-Bold.ttf */; };
		DA1EA9D52F60730C007CC456 /* JetBrainsMono-Italic[wght].ttf in Resources */ = {isa = PBXBuildFile; fileRef = DA1EA9BB2F60730C007CC456 /* JetBrainsMono-Italic[wght].ttf */; };
		DA1EA9D62F60730C007CC456 /* JetBrainsMono-ExtraLight.ttf in Resources */ = {isa = PBXBuildFile; fileRef = DA1EA9B82F60730C007CC456 /* JetBrainsMono-ExtraLight.ttf */; };
		DA1EA9DA2F607D48007CC456 /* AppLogo.swift in Sources */ = {isa = PBXBuildFile; fileRef = DA1EA9D92F607D48007CC456 /* AppLogo.swift */; };
		DA34A4342F60621800C06416 /* HomeScreen.swift in Sources */ = {isa = PBXBuildFile; fileRef = DA34A42D2F60621800C06416 /* HomeScreen.swift */; };
		DA34A4352F60621800C06416 /* AppNavigation.swift in Sources */ = {isa = PBXBuildFile; fileRef = DA34A42F2F60621800C06416 /* AppNavigation.swift */; };
		DA34A4362F60621800C06416 /* ContentView.swift in Sources */ = {isa = PBXBuildFile; fileRef = DA34A4312F60621800C06416 /* ContentView.swift */; };
		DA34A4372F60621800C06416 /* OvniVisionApp.swift in Sources */ = {isa = PBXBuildFile; fileRef = DA34A4322F60621800C06416 /* OvniVisionApp.swift */; };
		DA34A4382F60621800C06416 /* Assets.xcassets in Resources */ = {isa = PBXBuildFile; fileRef = DA34A4302F60621800C06416 /* Assets.xcassets */; };
		DA34A43A2F60650500C06416 /* CameraScreen.swift in Sources */ = {isa = PBXBuildFile; fileRef = DA34A4392F60650500C06416 /* CameraScreen.swift */; };
		DA87DD292F645312000C8561 /* EntityInfo-OvniVision.generated.swift in Sources */ = {isa = PBXBuildFile; fileRef = DA87DD272F645312000C8561 /* EntityInfo-OvniVision.generated.swift */; };
		DAB5923B2F6313B200C10796 /* RecordingState.swift in Sources */ = {isa = PBXBuildFile; fileRef = DAB5923A2F6313B200C10796 /* RecordingState.swift */; };
		DAB5923F2F632BB400C10796 /* CameraRecordingBadge.swift in Sources */ = {isa = PBXBuildFile; fileRef = DAB5923E2F632BB400C10796 /* CameraRecordingBadge.swift */; };
		DAB592422F632C6B00C10796 /* App+Extensions.swift in Sources */ = {isa = PBXBuildFile; fileRef = DAB592412F632C6B00C10796 /* App+Extensions.swift */; };
		DAB592452F63378600C10796 /* CameraSavingPill.swift in Sources */ = {isa = PBXBuildFile; fileRef = DAB592442F63378600C10796 /* CameraSavingPill.swift */; };
		DAB592482F6344DF00C10796 /* ObjectBox.xcframework in Frameworks */ = {isa = PBXBuildFile; productRef = DAB592472F6344DF00C10796 /* ObjectBox.xcframework */; };
		DAB5924A2F6354B100C10796 /* LocalStorageRepository.swift in Sources */ = {isa = PBXBuildFile; fileRef = DAB592492F6354B100C10796 /* LocalStorageRepository.swift */; };
		DAB5924C2F6354CF00C10796 /* VideoRecord.swift in Sources */ = {isa = PBXBuildFile; fileRef = DAB5924B2F6354CF00C10796 /* VideoRecord.swift */; };
		DAB5925A2F637F3A00C10796 /* VideosRepository.swift in Sources */ = {isa = PBXBuildFile; fileRef = DAB592592F637F3A00C10796 /* VideosRepository.swift */; };
		DAB5925C2F63822600C10796 /* MockVideosRepository.swift in Sources */ = {isa = PBXBuildFile; fileRef = DAB5925B2F63822600C10796 /* MockVideosRepository.swift */; };
		DAB5925E2F6384A600C10796 /* AppVideo.swift in Sources */ = {isa = PBXBuildFile; fileRef = DAB5925D2F6384A600C10796 /* AppVideo.swift */; };
		DAB592602F6399AD00C10796 /* PlaybackScreen.swift in Sources */ = {isa = PBXBuildFile; fileRef = DAB5925F2F6399AD00C10796 /* PlaybackScreen.swift */; };
		DAB592622F63A2EF00C10796 /* PlaybackRepository.swift in Sources */ = {isa = PBXBuildFile; fileRef = DAB592612F63A2EF00C10796 /* PlaybackRepository.swift */; };
		DADD06EC2F61DC5F005ED2CB /* CameraControlUnderlay.swift in Sources */ = {isa = PBXBuildFile; fileRef = DADD06EB2F61DC5F005ED2CB /* CameraControlUnderlay.swift */; };
		DADD06EE2F61E091005ED2CB /* CameraLensesView.swift in Sources */ = {isa = PBXBuildFile; fileRef = DADD06ED2F61E091005ED2CB /* CameraLensesView.swift */; };
		DADD06F12F622728005ED2CB /* CameraLens.swift in Sources */ = {isa = PBXBuildFile; fileRef = DADD06F02F622728005ED2CB /* CameraLens.swift */; };
		DAE0B5922F619E4300D5E24B /* CameraPreview.swift in Sources */ = {isa = PBXBuildFile; fileRef = DAE0B5912F619E4300D5E24B /* CameraPreview.swift */; };
		DAE0B5952F61A03000D5E24B /* CameraRepository.swift in Sources */ = {isa = PBXBuildFile; fileRef = DAE0B5942F61A03000D5E24B /* CameraRepository.swift */; };
		DAE0B5972F61B29700D5E24B /* CameraPermissionView.swift in Sources */ = {isa = PBXBuildFile; fileRef = DAE0B5962F61B29700D5E24B /* CameraPermissionView.swift */; };
		DAE0B5992F61B6C400D5E24B /* CameraControls.swift in Sources */ = {isa = PBXBuildFile; fileRef = DAE0B5982F61B6C400D5E24B /* CameraControls.swift */; };
/* End PBXBuildFile section */

/* Begin PBXFileReference section */
		DA165EC12F62F7B200EA249A /* MockCameraRepository.swift */ = {isa = PBXFileReference; lastKnownFileType = sourcecode.swift; path = MockCameraRepository.swift; sourceTree = "<group>"; };
		DA1EA9B42F60730C007CC456 /* JetBrainsMono-Bold.ttf */ = {isa = PBXFileReference; lastKnownFileType = file; path = "JetBrainsMono-Bold.ttf"; sourceTree = "<group>"; };
		DA1EA9B52F60730C007CC456 /* JetBrainsMono-BoldItalic.ttf */ = {isa = PBXFileReference; lastKnownFileType = file; path = "JetBrainsMono-BoldItalic.ttf"; sourceTree = "<group>"; };
		DA1EA9B62F60730C007CC456 /* JetBrainsMono-ExtraBold.ttf */ = {isa = PBXFileReference; lastKnownFileType = file; path = "JetBrainsMono-ExtraBold.ttf"; sourceTree = "<group>"; };
		DA1EA9B72F60730C007CC456 /* JetBrainsMono-ExtraBoldItalic.ttf */ = {isa = PBXFileReference; lastKnownFileType = file; path = "JetBrainsMono-ExtraBoldItalic.ttf"; sourceTree = "<group>"; };
		DA1EA9B82F60730C007CC456 /* JetBrainsMono-ExtraLight.ttf */ = {isa = PBXFileReference; lastKnownFileType = file; path = "JetBrainsMono-ExtraLight.ttf"; sourceTree = "<group>"; };
		DA1EA9B92F60730C007CC456 /* JetBrainsMono-ExtraLightItalic.ttf */ = {isa = PBXFileReference; lastKnownFileType = file; path = "JetBrainsMono-ExtraLightItalic.ttf"; sourceTree = "<group>"; };
		DA1EA9BA2F60730C007CC456 /* JetBrainsMono-Italic.ttf */ = {isa = PBXFileReference; lastKnownFileType = file; path = "JetBrainsMono-Italic.ttf"; sourceTree = "<group>"; };
		DA1EA9BB2F60730C007CC456 /* JetBrainsMono-Italic[wght].ttf */ = {isa = PBXFileReference; lastKnownFileType = file; path = "JetBrainsMono-Italic[wght].ttf"; sourceTree = "<group>"; };
		DA1EA9BC2F60730C007CC456 /* JetBrainsMono-Light.ttf */ = {isa = PBXFileReference; lastKnownFileType = file; path = "JetBrainsMono-Light.ttf"; sourceTree = "<group>"; };
		DA1EA9BD2F60730C007CC456 /* JetBrainsMono-LightItalic.ttf */ = {isa = PBXFileReference; lastKnownFileType = file; path = "JetBrainsMono-LightItalic.ttf"; sourceTree = "<group>"; };
		DA1EA9BE2F60730C007CC456 /* JetBrainsMono-Medium.ttf */ = {isa = PBXFileReference; lastKnownFileType = file; path = "JetBrainsMono-Medium.ttf"; sourceTree = "<group>"; };
		DA1EA9BF2F60730C007CC456 /* JetBrainsMono-MediumItalic.ttf */ = {isa = PBXFileReference; lastKnownFileType = file; path = "JetBrainsMono-MediumItalic.ttf"; sourceTree = "<group>"; };
		DA1EA9C02F60730C007CC456 /* JetBrainsMono-Regular.ttf */ = {isa = PBXFileReference; lastKnownFileType = file; path = "JetBrainsMono-Regular.ttf"; sourceTree = "<group>"; };
		DA1EA9C12F60730C007CC456 /* JetBrainsMono-SemiBold.ttf */ = {isa = PBXFileReference; lastKnownFileType = file; path = "JetBrainsMono-SemiBold.ttf"; sourceTree = "<group>"; };
		DA1EA9C22F60730C007CC456 /* JetBrainsMono-SemiBoldItalic.ttf */ = {isa = PBXFileReference; lastKnownFileType = file; path = "JetBrainsMono-SemiBoldItalic.ttf"; sourceTree = "<group>"; };
		DA1EA9C32F60730C007CC456 /* JetBrainsMono-Thin.ttf */ = {isa = PBXFileReference; lastKnownFileType = file; path = "JetBrainsMono-Thin.ttf"; sourceTree = "<group>"; };
		DA1EA9C42F60730C007CC456 /* JetBrainsMono-ThinItalic.ttf */ = {isa = PBXFileReference; lastKnownFileType = file; path = "JetBrainsMono-ThinItalic.ttf"; sourceTree = "<group>"; };
		DA1EA9D92F607D48007CC456 /* AppLogo.swift */ = {isa = PBXFileReference; lastKnownFileType = sourcecode.swift; path = AppLogo.swift; sourceTree = "<group>"; };
		DA34A42D2F60621800C06416 /* HomeScreen.swift */ = {isa = PBXFileReference; lastKnownFileType = sourcecode.swift; path = HomeScreen.swift; sourceTree = "<group>"; };
		DA34A42F2F60621800C06416 /* AppNavigation.swift */ = {isa = PBXFileReference; lastKnownFileType = sourcecode.swift; path = AppNavigation.swift; sourceTree = "<group>"; };
		DA34A4302F60621800C06416 /* Assets.xcassets */ = {isa = PBXFileReference; lastKnownFileType = folder.assetcatalog; path = Assets.xcassets; sourceTree = "<group>"; };
		DA34A4312F60621800C06416 /* ContentView.swift */ = {isa = PBXFileReference; lastKnownFileType = sourcecode.swift; path = ContentView.swift; sourceTree = "<group>"; };
		DA34A4322F60621800C06416 /* OvniVisionApp.swift */ = {isa = PBXFileReference; lastKnownFileType = sourcecode.swift; path = OvniVisionApp.swift; sourceTree = "<group>"; };
		DA34A4392F60650500C06416 /* CameraScreen.swift */ = {isa = PBXFileReference; lastKnownFileType = sourcecode.swift; path = CameraScreen.swift; sourceTree = "<group>"; };
		DA87DD272F645312000C8561 /* EntityInfo-OvniVision.generated.swift */ = {isa = PBXFileReference; lastKnownFileType = sourcecode.swift; path = "EntityInfo-OvniVision.generated.swift"; sourceTree = "<group>"; };
		DAB5923A2F6313B200C10796 /* RecordingState.swift */ = {isa = PBXFileReference; lastKnownFileType = sourcecode.swift; path = RecordingState.swift; sourceTree = "<group>"; };
		DAB5923E2F632BB400C10796 /* CameraRecordingBadge.swift */ = {isa = PBXFileReference; lastKnownFileType = sourcecode.swift; path = CameraRecordingBadge.swift; sourceTree = "<group>"; };
		DAB592412F632C6B00C10796 /* App+Extensions.swift */ = {isa = PBXFileReference; lastKnownFileType = sourcecode.swift; path = "App+Extensions.swift"; sourceTree = "<group>"; };
		DAB592442F63378600C10796 /* CameraSavingPill.swift */ = {isa = PBXFileReference; lastKnownFileType = sourcecode.swift; path = CameraSavingPill.swift; sourceTree = "<group>"; };
		DAB592492F6354B100C10796 /* LocalStorageRepository.swift */ = {isa = PBXFileReference; lastKnownFileType = sourcecode.swift; path = LocalStorageRepository.swift; sourceTree = "<group>"; };
		DAB5924B2F6354CF00C10796 /* VideoRecord.swift */ = {isa = PBXFileReference; lastKnownFileType = sourcecode.swift; path = VideoRecord.swift; sourceTree = "<group>"; };
		DAB592592F637F3A00C10796 /* VideosRepository.swift */ = {isa = PBXFileReference; lastKnownFileType = sourcecode.swift; path = VideosRepository.swift; sourceTree = "<group>"; };
		DAB5925B2F63822600C10796 /* MockVideosRepository.swift */ = {isa = PBXFileReference; lastKnownFileType = sourcecode.swift; path = MockVideosRepository.swift; sourceTree = "<group>"; };
		DAB5925D2F6384A600C10796 /* AppVideo.swift */ = {isa = PBXFileReference; lastKnownFileType = sourcecode.swift; path = AppVideo.swift; sourceTree = "<group>"; };
		DAB5925F2F6399AD00C10796 /* PlaybackScreen.swift */ = {isa = PBXFileReference; lastKnownFileType = sourcecode.swift; path = PlaybackScreen.swift; sourceTree = "<group>"; };
		DAB592612F63A2EF00C10796 /* PlaybackRepository.swift */ = {isa = PBXFileReference; lastKnownFileType = sourcecode.swift; path = PlaybackRepository.swift; sourceTree = "<group>"; };
		DAD54B542F5F2ACA00E5B495 /* OvniVision.app */ = {isa = PBXFileReference; explicitFileType = wrapper.application; includeInIndex = 0; path = OvniVision.app; sourceTree = BUILT_PRODUCTS_DIR; };
		DADD06EB2F61DC5F005ED2CB /* CameraControlUnderlay.swift */ = {isa = PBXFileReference; lastKnownFileType = sourcecode.swift; path = CameraControlUnderlay.swift; sourceTree = "<group>"; };
		DADD06ED2F61E091005ED2CB /* CameraLensesView.swift */ = {isa = PBXFileReference; lastKnownFileType = sourcecode.swift; path = CameraLensesView.swift; sourceTree = "<group>"; };
		DADD06F02F622728005ED2CB /* CameraLens.swift */ = {isa = PBXFileReference; lastKnownFileType = sourcecode.swift; path = CameraLens.swift; sourceTree = "<group>"; };
		DAE0B5912F619E4300D5E24B /* CameraPreview.swift */ = {isa = PBXFileReference; lastKnownFileType = sourcecode.swift; path = CameraPreview.swift; sourceTree = "<group>"; };
		DAE0B5942F61A03000D5E24B /* CameraRepository.swift */ = {isa = PBXFileReference; lastKnownFileType = sourcecode.swift; path = CameraRepository.swift; sourceTree = "<group>"; };
		DAE0B5962F61B29700D5E24B /* CameraPermissionView.swift */ = {isa = PBXFileReference; lastKnownFileType = sourcecode.swift; path = CameraPermissionView.swift; sourceTree = "<group>"; };
		DAE0B5982F61B6C400D5E24B /* CameraControls.swift */ = {isa = PBXFileReference; lastKnownFileType = sourcecode.swift; path = CameraControls.swift; sourceTree = "<group>"; };
/* End PBXFileReference section */

/* Begin PBXFrameworksBuildPhase section */
		DAD54B512F5F2ACA00E5B495 /* Frameworks */ = {
			isa = PBXFrameworksBuildPhase;
			buildActionMask = 2147483647;
			files = (
				DAB592482F6344DF00C10796 /* ObjectBox.xcframework in Frameworks */,
			);
			runOnlyForDeploymentPostprocessing = 0;
		};
/* End PBXFrameworksBuildPhase section */

/* Begin PBXGroup section */
		DA1EA9C52F60730C007CC456 /* project_fonts */ = {
			isa = PBXGroup;
			children = (
				DA1EA9B42F60730C007CC456 /* JetBrainsMono-Bold.ttf */,
				DA1EA9B52F60730C007CC456 /* JetBrainsMono-BoldItalic.ttf */,
				DA1EA9B62F60730C007CC456 /* JetBrainsMono-ExtraBold.ttf */,
				DA1EA9B72F60730C007CC456 /* JetBrainsMono-ExtraBoldItalic.ttf */,
				DA1EA9B82F60730C007CC456 /* JetBrainsMono-ExtraLight.ttf */,
				DA1EA9B92F60730C007CC456 /* JetBrainsMono-ExtraLightItalic.ttf */,
				DA1EA9BA2F60730C007CC456 /* JetBrainsMono-Italic.ttf */,
				DA1EA9BB2F60730C007CC456 /* JetBrainsMono-Italic[wght].ttf */,
				DA1EA9BC2F60730C007CC456 /* JetBrainsMono-Light.ttf */,
				DA1EA9BD2F60730C007CC456 /* JetBrainsMono-LightItalic.ttf */,
				DA1EA9BE2F60730C007CC456 /* JetBrainsMono-Medium.ttf */,
				DA1EA9BF2F60730C007CC456 /* JetBrainsMono-MediumItalic.ttf */,
				DA1EA9C02F60730C007CC456 /* JetBrainsMono-Regular.ttf */,
				DA1EA9C12F60730C007CC456 /* JetBrainsMono-SemiBold.ttf */,
				DA1EA9C22F60730C007CC456 /* JetBrainsMono-SemiBoldItalic.ttf */,
				DA1EA9C32F60730C007CC456 /* JetBrainsMono-Thin.ttf */,
				DA1EA9C42F60730C007CC456 /* JetBrainsMono-ThinItalic.ttf */,
			);
			path = project_fonts;
			sourceTree = "<group>";
		};
		DA1EA9D82F607D2E007CC456 /* Views */ = {
			isa = PBXGroup;
			children = (
				DA1EA9D92F607D48007CC456 /* AppLogo.swift */,
				DAE0B5912F619E4300D5E24B /* CameraPreview.swift */,
				DAE0B5962F61B29700D5E24B /* CameraPermissionView.swift */,
				DAE0B5982F61B6C400D5E24B /* CameraControls.swift */,
				DAB5923E2F632BB400C10796 /* CameraRecordingBadge.swift */,
				DADD06ED2F61E091005ED2CB /* CameraLensesView.swift */,
				DADD06EB2F61DC5F005ED2CB /* CameraControlUnderlay.swift */,
				DAB592442F63378600C10796 /* CameraSavingPill.swift */,
			);
			path = Views;
			sourceTree = "<group>";
		};
		DA34A42E2F60621800C06416 /* Screens */ = {
			isa = PBXGroup;
			children = (
				DA34A42D2F60621800C06416 /* HomeScreen.swift */,
				DAB5925F2F6399AD00C10796 /* PlaybackScreen.swift */,
				DA34A4392F60650500C06416 /* CameraScreen.swift */,
			);
			path = Screens;
			sourceTree = "<group>";
		};
		DA34A4332F60621800C06416 /* OvniVision */ = {
			isa = PBXGroup;
			children = (
				DA34A4302F60621800C06416 /* Assets.xcassets */,
				DA34A4322F60621800C06416 /* OvniVisionApp.swift */,
				DA34A42F2F60621800C06416 /* AppNavigation.swift */,
				DA34A4312F60621800C06416 /* ContentView.swift */,
				DA34A43B2F6069F600C06416 /* Shared */,
				DAB592402F632C3700C10796 /* Extensions */,
				DADD06EF2F62271A005ED2CB /* Models */,
				DAE0B5932F61A00200D5E24B /* Repositorys */,
				DA34A42E2F60621800C06416 /* Screens */,
				DA1EA9D82F607D2E007CC456 /* Views */,
				DA87DD282F645312000C8561 /* generated */,
			);
			path = OvniVision;
			sourceTree = "<group>";
		};
		DA34A43B2F6069F600C06416 /* Shared */ = {
			isa = PBXGroup;
			children = (
				DA1EA9C52F60730C007CC456 /* project_fonts */,
			);
			path = Shared;
			sourceTree = "<group>";
		};
		DA87DD282F645312000C8561 /* generated */ = {
			isa = PBXGroup;
			children = (
				DA87DD272F645312000C8561 /* EntityInfo-OvniVision.generated.swift */,
			);
			path = generated;
			sourceTree = "<group>";
		};
		DAB592402F632C3700C10796 /* Extensions */ = {
			isa = PBXGroup;
			children = (
				DAB592412F632C6B00C10796 /* App+Extensions.swift */,
			);
			path = Extensions;
			sourceTree = "<group>";
		};
		DAD54B4B2F5F2ACA00E5B495 = {
			isa = PBXGroup;
			children = (
				DA34A4332F60621800C06416 /* OvniVision */,
				DAD54B552F5F2ACA00E5B495 /* Products */,
			);
			sourceTree = "<group>";
		};
		DAD54B552F5F2ACA00E5B495 /* Products */ = {
			isa = PBXGroup;
			children = (
				DAD54B542F5F2ACA00E5B495 /* OvniVision.app */,
			);
			name = Products;
			sourceTree = "<group>";
		};
		DADD06EF2F62271A005ED2CB /* Models */ = {
			isa = PBXGroup;
			children = (
				DADD06F02F622728005ED2CB /* CameraLens.swift */,
				DAB5923A2F6313B200C10796 /* RecordingState.swift */,
				DAB5924B2F6354CF00C10796 /* VideoRecord.swift */,
				DAB5925D2F6384A600C10796 /* AppVideo.swift */,
			);
			path = Models;
			sourceTree = "<group>";
		};
		DAE0B5932F61A00200D5E24B /* Repositorys */ = {
			isa = PBXGroup;
			children = (
				DAE0B5942F61A03000D5E24B /* CameraRepository.swift */,
				DAB592592F637F3A00C10796 /* VideosRepository.swift */,
				DAB5925B2F63822600C10796 /* MockVideosRepository.swift */,
				DAB592492F6354B100C10796 /* LocalStorageRepository.swift */,
				DA165EC12F62F7B200EA249A /* MockCameraRepository.swift */,
				DAB592612F63A2EF00C10796 /* PlaybackRepository.swift */,
			);
			path = Repositorys;
			sourceTree = "<group>";
		};
/* End PBXGroup section */

/* Begin PBXNativeTarget section */
		DAD54B532F5F2ACA00E5B495 /* OvniVision */ = {
			isa = PBXNativeTarget;
			buildConfigurationList = DAD54B5F2F5F2ACA00E5B495 /* Build configuration list for PBXNativeTarget "OvniVision" */;
			buildPhases = (
				DAD54B502F5F2ACA00E5B495 /* Sources */,
				DAD54B512F5F2ACA00E5B495 /* Frameworks */,
				DAD54B522F5F2ACA00E5B495 /* Resources */,
			);
			buildRules = (
			);
			dependencies = (
			);
			name = OvniVision;
			packageProductDependencies = (
				DAB592472F6344DF00C10796 /* ObjectBox.xcframework */,
			);
			productName = OvniVision;
			productReference = DAD54B542F5F2ACA00E5B495 /* OvniVision.app */;
			productType = "com.apple.product-type.application";
		};
/* End PBXNativeTarget section */

/* Begin PBXProject section */
		DAD54B4C2F5F2ACA00E5B495 /* Project object */ = {
			isa = PBXProject;
			attributes = {
				BuildIndependentTargetsInParallel = 1;
				LastSwiftUpdateCheck = 2610;
				LastUpgradeCheck = 2610;
				TargetAttributes = {
					DAD54B532F5F2ACA00E5B495 = {
						CreatedOnToolsVersion = 26.1;
					};
				};
			};
			buildConfigurationList = DAD54B4F2F5F2ACA00E5B495 /* Build configuration list for PBXProject "OvniVision" */;
			developmentRegion = en;
			hasScannedForEncodings = 0;
			knownRegions = (
				en,
				Base,
			);
			mainGroup = DAD54B4B2F5F2ACA00E5B495;
			minimizedProjectReferenceProxies = 1;
			packageReferences = (
				DAB592462F6344DF00C10796 /* XCRemoteSwiftPackageReference "objectbox-swift-spm" */,
			);
			preferredProjectObjectVersion = 77;
			productRefGroup = DAD54B552F5F2ACA00E5B495 /* Products */;
			projectDirPath = "";
			projectRoot = "";
			targets = (
				DAD54B532F5F2ACA00E5B495 /* OvniVision */,
			);
		};
/* End PBXProject section */

/* Begin PBXResourcesBuildPhase section */
		DAD54B522F5F2ACA00E5B495 /* Resources */ = {
			isa = PBXResourcesBuildPhase;
			buildActionMask = 2147483647;
			files = (
				DA1EA9C62F60730C007CC456 /* JetBrainsMono-ExtraBoldItalic.ttf in Resources */,
				DA1EA9C72F60730C007CC456 /* JetBrainsMono-BoldItalic.ttf in Resources */,
				DA1EA9C82F60730C007CC456 /* JetBrainsMono-ExtraBold.ttf in Resources */,
				DA1EA9C92F60730C007CC456 /* JetBrainsMono-Italic.ttf in Resources */,
				DA1EA9CA2F60730C007CC456 /* JetBrainsMono-ExtraLightItalic.ttf in Resources */,
				DA1EA9CB2F60730C007CC456 /* JetBrainsMono-SemiBold.ttf in Resources */,
				DA1EA9CC2F60730C007CC456 /* JetBrainsMono-SemiBoldItalic.ttf in Resources */,
				DA1EA9CD2F60730C007CC456 /* JetBrainsMono-Light.ttf in Resources */,
				DA1EA9CE2F60730C007CC456 /* JetBrainsMono-Medium.ttf in Resources */,
				DA1EA9CF2F60730C007CC456 /* JetBrainsMono-Thin.ttf in Resources */,
				DA1EA9D02F60730C007CC456 /* JetBrainsMono-LightItalic.ttf in Resources */,
				DA1EA9D12F60730C007CC456 /* JetBrainsMono-ThinItalic.ttf in Resources */,
				DA1EA9D22F60730C007CC456 /* JetBrainsMono-MediumItalic.ttf in Resources */,
				DA1EA9D32F60730C007CC456 /* JetBrainsMono-Regular.ttf in Resources */,
				DA1EA9D42F60730C007CC456 /* JetBrainsMono-Bold.ttf in Resources */,
				DA1EA9D52F60730C007CC456 /* JetBrainsMono-Italic[wght].ttf in Resources */,
				DA1EA9D62F60730C007CC456 /* JetBrainsMono-ExtraLight.ttf in Resources */,
				DA34A4382F60621800C06416 /* Assets.xcassets in Resources */,
			);
			runOnlyForDeploymentPostprocessing = 0;
		};
/* End PBXResourcesBuildPhase section */

/* Begin PBXSourcesBuildPhase section */
		DAD54B502F5F2ACA00E5B495 /* Sources */ = {
			isa = PBXSourcesBuildPhase;
			buildActionMask = 2147483647;
			files = (
				DA34A4342F60621800C06416 /* HomeScreen.swift in Sources */,
				DAB5925E2F6384A600C10796 /* AppVideo.swift in Sources */,
				DADD06F12F622728005ED2CB /* CameraLens.swift in Sources */,
				DAE0B5972F61B29700D5E24B /* CameraPermissionView.swift in Sources */,
				DA34A4352F60621800C06416 /* AppNavigation.swift in Sources */,
				DAE0B5952F61A03000D5E24B /* CameraRepository.swift in Sources */,
				DADD06EC2F61DC5F005ED2CB /* CameraControlUnderlay.swift in Sources */,
				DA87DD292F645312000C8561 /* EntityInfo-OvniVision.generated.swift in Sources */,
				DAE0B5992F61B6C400D5E24B /* CameraControls.swift in Sources */,
				DA34A4362F60621800C06416 /* ContentView.swift in Sources */,
				DAB592422F632C6B00C10796 /* App+Extensions.swift in Sources */,
				DAE0B5922F619E4300D5E24B /* CameraPreview.swift in Sources */,
				DAB5924A2F6354B100C10796 /* LocalStorageRepository.swift in Sources */,
				DA34A43A2F60650500C06416 /* CameraScreen.swift in Sources */,
				DAB592452F63378600C10796 /* CameraSavingPill.swift in Sources */,
				DAB5923B2F6313B200C10796 /* RecordingState.swift in Sources */,
				DA165EC22F62F7B200EA249A /* MockCameraRepository.swift in Sources */,
				DAB592602F6399AD00C10796 /* PlaybackScreen.swift in Sources */,
				DA34A4372F60621800C06416 /* OvniVisionApp.swift in Sources */,
				DA1EA9DA2F607D48007CC456 /* AppLogo.swift in Sources */,
				DAB5925C2F63822600C10796 /* MockVideosRepository.swift in Sources */,
				DAB5925A2F637F3A00C10796 /* VideosRepository.swift in Sources */,
				DAB5923F2F632BB400C10796 /* CameraRecordingBadge.swift in Sources */,
				DAB5924C2F6354CF00C10796 /* VideoRecord.swift in Sources */,
				DADD06EE2F61E091005ED2CB /* CameraLensesView.swift in Sources */,
				DAB592622F63A2EF00C10796 /* PlaybackRepository.swift in Sources */,
			);
			runOnlyForDeploymentPostprocessing = 0;
		};
/* End PBXSourcesBuildPhase section */

/* Begin XCBuildConfiguration section */
		DAD54B5D2F5F2ACA00E5B495 /* Debug */ = {
			isa = XCBuildConfiguration;
			buildSettings = {
				ALWAYS_SEARCH_USER_PATHS = NO;
				ASSETCATALOG_COMPILER_GENERATE_SWIFT_ASSET_SYMBOL_EXTENSIONS = YES;
				CLANG_ANALYZER_NONNULL = YES;
				CLANG_ANALYZER_NUMBER_OBJECT_CONVERSION = YES_AGGRESSIVE;
				CLANG_CXX_LANGUAGE_STANDARD = "gnu++20";
				CLANG_ENABLE_MODULES = YES;
				CLANG_ENABLE_OBJC_ARC = YES;
				CLANG_ENABLE_OBJC_WEAK = YES;
				CLANG_WARN_BLOCK_CAPTURE_AUTORELEASING = YES;
				CLANG_WARN_BOOL_CONVERSION = YES;
				CLANG_WARN_COMMA = YES;
				CLANG_WARN_CONSTANT_CONVERSION = YES;
				CLANG_WARN_DEPRECATED_OBJC_IMPLEMENTATIONS = YES;
				CLANG_WARN_DIRECT_OBJC_ISA_USAGE = YES_ERROR;
				CLANG_WARN_DOCUMENTATION_COMMENTS = YES;
				CLANG_WARN_EMPTY_BODY = YES;
				CLANG_WARN_ENUM_CONVERSION = YES;
				CLANG_WARN_INFINITE_RECURSION = YES;
				CLANG_WARN_INT_CONVERSION = YES;
				CLANG_WARN_NON_LITERAL_NULL_CONVERSION = YES;
				CLANG_WARN_OBJC_IMPLICIT_RETAIN_SELF = YES;
				CLANG_WARN_OBJC_LITERAL_CONVERSION = YES;
				CLANG_WARN_OBJC_ROOT_CLASS = YES_ERROR;
				CLANG_WARN_QUOTED_INCLUDE_IN_FRAMEWORK_HEADER = YES;
				CLANG_WARN_RANGE_LOOP_ANALYSIS = YES;
				CLANG_WARN_STRICT_PROTOTYPES = YES;
				CLANG_WARN_SUSPICIOUS_MOVE = YES;
				CLANG_WARN_UNGUARDED_AVAILABILITY = YES_AGGRESSIVE;
				CLANG_WARN_UNREACHABLE_CODE = YES;
				CLANG_WARN__DUPLICATE_METHOD_MATCH = YES;
				COPY_PHASE_STRIP = NO;
				DEBUG_INFORMATION_FORMAT = dwarf;
				DEVELOPMENT_TEAM = ZPTL76VYS5;
				ENABLE_STRICT_OBJC_MSGSEND = YES;
				ENABLE_TESTABILITY = YES;
				ENABLE_USER_SCRIPT_SANDBOXING = YES;
				GCC_C_LANGUAGE_STANDARD = gnu17;
				GCC_DYNAMIC_NO_PIC = NO;
				GCC_NO_COMMON_BLOCKS = YES;
				GCC_OPTIMIZATION_LEVEL = 0;
				GCC_PREPROCESSOR_DEFINITIONS = (
					"DEBUG=1",
					"$(inherited)",
				);
				GCC_WARN_64_TO_32_BIT_CONVERSION = YES;
				GCC_WARN_ABOUT_RETURN_TYPE = YES_ERROR;
				GCC_WARN_UNDECLARED_SELECTOR = YES;
				GCC_WARN_UNINITIALIZED_AUTOS = YES_AGGRESSIVE;
				GCC_WARN_UNUSED_FUNCTION = YES;
				GCC_WARN_UNUSED_VARIABLE = YES;
				IPHONEOS_DEPLOYMENT_TARGET = 26.1;
				LOCALIZATION_PREFERS_STRING_CATALOGS = YES;
				MTL_ENABLE_DEBUG_INFO = INCLUDE_SOURCE;
				MTL_FAST_MATH = YES;
				ONLY_ACTIVE_ARCH = YES;
				SDKROOT = iphoneos;
				SWIFT_ACTIVE_COMPILATION_CONDITIONS = "DEBUG $(inherited)";
				SWIFT_OPTIMIZATION_LEVEL = "-Onone";
			};
			name = Debug;
		};
		DAD54B5E2F5F2ACA00E5B495 /* Release */ = {
			isa = XCBuildConfiguration;
			buildSettings = {
				ALWAYS_SEARCH_USER_PATHS = NO;
				ASSETCATALOG_COMPILER_GENERATE_SWIFT_ASSET_SYMBOL_EXTENSIONS = YES;
				CLANG_ANALYZER_NONNULL = YES;
				CLANG_ANALYZER_NUMBER_OBJECT_CONVERSION = YES_AGGRESSIVE;
				CLANG_CXX_LANGUAGE_STANDARD = "gnu++20";
				CLANG_ENABLE_MODULES = YES;
				CLANG_ENABLE_OBJC_ARC = YES;
				CLANG_ENABLE_OBJC_WEAK = YES;
				CLANG_WARN_BLOCK_CAPTURE_AUTORELEASING = YES;
				CLANG_WARN_BOOL_CONVERSION = YES;
				CLANG_WARN_COMMA = YES;
				CLANG_WARN_CONSTANT_CONVERSION = YES;
				CLANG_WARN_DEPRECATED_OBJC_IMPLEMENTATIONS = YES;
				CLANG_WARN_DIRECT_OBJC_ISA_USAGE = YES_ERROR;
				CLANG_WARN_DOCUMENTATION_COMMENTS = YES;
				CLANG_WARN_EMPTY_BODY = YES;
				CLANG_WARN_ENUM_CONVERSION = YES;
				CLANG_WARN_INFINITE_RECURSION = YES;
				CLANG_WARN_INT_CONVERSION = YES;
				CLANG_WARN_NON_LITERAL_NULL_CONVERSION = YES;
				CLANG_WARN_OBJC_IMPLICIT_RETAIN_SELF = YES;
				CLANG_WARN_OBJC_LITERAL_CONVERSION = YES;
				CLANG_WARN_OBJC_ROOT_CLASS = YES_ERROR;
				CLANG_WARN_QUOTED_INCLUDE_IN_FRAMEWORK_HEADER = YES;
				CLANG_WARN_RANGE_LOOP_ANALYSIS = YES;
				CLANG_WARN_STRICT_PROTOTYPES = YES;
				CLANG_WARN_SUSPICIOUS_MOVE = YES;
				CLANG_WARN_UNGUARDED_AVAILABILITY = YES_AGGRESSIVE;
				CLANG_WARN_UNREACHABLE_CODE = YES;
				CLANG_WARN__DUPLICATE_METHOD_MATCH = YES;
				COPY_PHASE_STRIP = NO;
				DEBUG_INFORMATION_FORMAT = "dwarf-with-dsym";
				DEVELOPMENT_TEAM = ZPTL76VYS5;
				ENABLE_NS_ASSERTIONS = NO;
				ENABLE_STRICT_OBJC_MSGSEND = YES;
				ENABLE_USER_SCRIPT_SANDBOXING = YES;
				GCC_C_LANGUAGE_STANDARD = gnu17;
				GCC_NO_COMMON_BLOCKS = YES;
				GCC_WARN_64_TO_32_BIT_CONVERSION = YES;
				GCC_WARN_ABOUT_RETURN_TYPE = YES_ERROR;
				GCC_WARN_UNDECLARED_SELECTOR = YES;
				GCC_WARN_UNINITIALIZED_AUTOS = YES_AGGRESSIVE;
				GCC_WARN_UNUSED_FUNCTION = YES;
				GCC_WARN_UNUSED_VARIABLE = YES;
				IPHONEOS_DEPLOYMENT_TARGET = 26.1;
				LOCALIZATION_PREFERS_STRING_CATALOGS = YES;
				MTL_ENABLE_DEBUG_INFO = NO;
				MTL_FAST_MATH = YES;
				SDKROOT = iphoneos;
				SWIFT_COMPILATION_MODE = wholemodule;
				VALIDATE_PRODUCT = YES;
			};
			name = Release;
		};
		DAD54B602F5F2ACA00E5B495 /* Debug */ = {
			isa = XCBuildConfiguration;
			buildSettings = {
				ASSETCATALOG_COMPILER_APPICON_NAME = AppIcon;
				ASSETCATALOG_COMPILER_GLOBAL_ACCENT_COLOR_NAME = AccentColor;
				CODE_SIGN_IDENTITY = "Apple Development";
				CODE_SIGN_STYLE = Automatic;
				CURRENT_PROJECT_VERSION = 1;
				DEVELOPMENT_TEAM = ZPTL76VYS5;
				ENABLE_PREVIEWS = YES;
				GENERATE_INFOPLIST_FILE = YES;
				INFOPLIST_FILE = OvniVision/Info.plist;
				INFOPLIST_KEY_NSCameraUsageDescription = "CameraRecorder needs camera access to record video.";
				INFOPLIST_KEY_NSMicrophoneUsageDescription = "CameraRecorder needs microphone access to record audio with video.";
				INFOPLIST_KEY_NSPhotoLibraryAddUsageDescription = "We need to use the photolib";
				INFOPLIST_KEY_UIApplicationSceneManifest_Generation = YES;
				INFOPLIST_KEY_UIApplicationSupportsIndirectInputEvents = YES;
				INFOPLIST_KEY_UILaunchScreen_Generation = YES;
				INFOPLIST_KEY_UISupportedInterfaceOrientations = UIInterfaceOrientationPortrait;
				INFOPLIST_KEY_UISupportedInterfaceOrientations_iPad = "UIInterfaceOrientationLandscapeLeft UIInterfaceOrientationLandscapeRight UIInterfaceOrientationPortrait UIInterfaceOrientationPortraitUpsideDown";
				LD_RUNPATH_SEARCH_PATHS = (
					"$(inherited)",
					"@executable_path/Frameworks",
				);
				MARKETING_VERSION = 1.0;
				PRODUCT_BUNDLE_IDENTIFIER = com.uvcodex.ovniVision;
				PRODUCT_NAME = "$(TARGET_NAME)";
				PROVISIONING_PROFILE_SPECIFIER = "";
				STRING_CATALOG_GENERATE_SYMBOLS = YES;
				SUPPORTED_PLATFORMS = "iphoneos iphonesimulator";
				SUPPORTS_MACCATALYST = NO;
				SUPPORTS_MAC_DESIGNED_FOR_IPHONE_IPAD = NO;
				SUPPORTS_XR_DESIGNED_FOR_IPHONE_IPAD = NO;
				SWIFT_APPROACHABLE_CONCURRENCY = YES;
				SWIFT_DEFAULT_ACTOR_ISOLATION = MainActor;
				SWIFT_EMIT_LOC_STRINGS = YES;
				SWIFT_UPCOMING_FEATURE_MEMBER_IMPORT_VISIBILITY = YES;
				SWIFT_VERSION = 5.0;
				TARGETED_DEVICE_FAMILY = 1;
			};
			name = Debug;
		};
		DAD54B612F5F2ACA00E5B495 /* Release */ = {
			isa = XCBuildConfiguration;
			buildSettings = {
				ASSETCATALOG_COMPILER_APPICON_NAME = AppIcon;
				ASSETCATALOG_COMPILER_GLOBAL_ACCENT_COLOR_NAME = AccentColor;
				CODE_SIGN_IDENTITY = "Apple Development";
				CODE_SIGN_STYLE = Automatic;
				CURRENT_PROJECT_VERSION = 1;
				DEVELOPMENT_TEAM = ZPTL76VYS5;
				ENABLE_PREVIEWS = YES;
				GENERATE_INFOPLIST_FILE = YES;
				INFOPLIST_FILE = OvniVision/Info.plist;
				INFOPLIST_KEY_NSCameraUsageDescription = "CameraRecorder needs camera access to record video.";
				INFOPLIST_KEY_NSMicrophoneUsageDescription = "CameraRecorder needs microphone access to record audio with video.";
				INFOPLIST_KEY_NSPhotoLibraryAddUsageDescription = "We need to use the photolib";
				INFOPLIST_KEY_UIApplicationSceneManifest_Generation = YES;
				INFOPLIST_KEY_UIApplicationSupportsIndirectInputEvents = YES;
				INFOPLIST_KEY_UILaunchScreen_Generation = YES;
				INFOPLIST_KEY_UISupportedInterfaceOrientations = UIInterfaceOrientationPortrait;
				INFOPLIST_KEY_UISupportedInterfaceOrientations_iPad = "UIInterfaceOrientationLandscapeLeft UIInterfaceOrientationLandscapeRight UIInterfaceOrientationPortrait UIInterfaceOrientationPortraitUpsideDown";
				LD_RUNPATH_SEARCH_PATHS = (
					"$(inherited)",
					"@executable_path/Frameworks",
				);
				MARKETING_VERSION = 1.0;
				PRODUCT_BUNDLE_IDENTIFIER = com.uvcodex.ovniVision;
				PRODUCT_NAME = "$(TARGET_NAME)";
				PROVISIONING_PROFILE_SPECIFIER = "";
				STRING_CATALOG_GENERATE_SYMBOLS = YES;
				SUPPORTED_PLATFORMS = "iphoneos iphonesimulator";
				SUPPORTS_MACCATALYST = NO;
				SUPPORTS_MAC_DESIGNED_FOR_IPHONE_IPAD = NO;
				SUPPORTS_XR_DESIGNED_FOR_IPHONE_IPAD = NO;
				SWIFT_APPROACHABLE_CONCURRENCY = YES;
				SWIFT_DEFAULT_ACTOR_ISOLATION = MainActor;
				SWIFT_EMIT_LOC_STRINGS = YES;
				SWIFT_UPCOMING_FEATURE_MEMBER_IMPORT_VISIBILITY = YES;
				SWIFT_VERSION = 5.0;
				TARGETED_DEVICE_FAMILY = 1;
			};
			name = Release;
		};
/* End XCBuildConfiguration section */

/* Begin XCConfigurationList section */
		DAD54B4F2F5F2ACA00E5B495 /* Build configuration list for PBXProject "OvniVision" */ = {
			isa = XCConfigurationList;
			buildConfigurations = (
				DAD54B5D2F5F2ACA00E5B495 /* Debug */,
				DAD54B5E2F5F2ACA00E5B495 /* Release */,
			);
			defaultConfigurationIsVisible = 0;
			defaultConfigurationName = Release;
		};
		DAD54B5F2F5F2ACA00E5B495 /* Build configuration list for PBXNativeTarget "OvniVision" */ = {
			isa = XCConfigurationList;
			buildConfigurations = (
				DAD54B602F5F2ACA00E5B495 /* Debug */,
				DAD54B612F5F2ACA00E5B495 /* Release */,
			);
			defaultConfigurationIsVisible = 0;
			defaultConfigurationName = Release;
		};
/* End XCConfigurationList section */

/* Begin XCRemoteSwiftPackageReference section */
		DAB592462F6344DF00C10796 /* XCRemoteSwiftPackageReference "objectbox-swift-spm" */ = {
			isa = XCRemoteSwiftPackageReference;
			repositoryURL = "https://github.com/objectbox/objectbox-swift-spm";
			requirement = {
				kind = upToNextMajorVersion;
				minimumVersion = 5.2.0;
			};
		};
/* End XCRemoteSwiftPackageReference section */

/* Begin XCSwiftPackageProductDependency section */
		DAB592472F6344DF00C10796 /* ObjectBox.xcframework */ = {
			isa = XCSwiftPackageProductDependency;
			package = DAB592462F6344DF00C10796 /* XCRemoteSwiftPackageReference "objectbox-swift-spm" */;
			productName = ObjectBox.xcframework;
		};
/* End XCSwiftPackageProductDependency section */
	};
	rootObject = DAD54B4C2F5F2ACA00E5B495 /* Project object */;
}
